{
  "name": "local-project-cli",
  "version": "0.1.0",
  "lockfileVersion": 3,
  "requires": true,
  "packages": {
    "": {
      "name": "local-project-cli",
      "version": "0.1.0",
      "license": "MIT",
      "bin": {
        "project": "bin/project.js"
      },
      "engines": {
        "node": ">=20"
      }
    }
  }
}
